
Microsoft Visual Studio Solution File, Format Version 12.00
# Visual Studio Version 16
VisualStudioVersion = 16.0.30523.141
MinimumVisualStudioVersion = 10.0.40219.1
Project("{2150E333-8FDC-42A3-9474-1A3956D46DE8}") = "src", "src", "{FF2779C0-64F0-48A0-813D-D7600497364D}"
EndProject
Project("{2150E333-8FDC-42A3-9474-1A3956D46DE8}") = "Application", "Application", "{FBC5535C-38CB-4292-8D86-51CFE1BF73C7}"
EndProject
Project("{2150E333-8FDC-42A3-9474-1A3956D46DE8}") = "Domain", "Domain", "{6089094C-2404-49B8-87AA-3BF566AB6C24}"
EndProject
Project("{2150E333-8FDC-42A3-9474-1A3956D46DE8}") = "Presentation", "Presentation", "{74E2AB84-83CE-4361-A062-A5CB1DE9FA19}"
EndProject
Project("{FAE04EC0-301F-11D3-BF4B-00C04F79EFBC}") = "ClipMoney.Application.BusinessLogics", "ClipMoney.Application.BusinessLogics\ClipMoney.Application.BusinessLogics.csproj", "{81410643-87FC-4584-B695-A73A0371BC30}"
EndProject
Project("{FAE04EC0-301F-11D3-BF4B-00C04F79EFBC}") = "ClipMoney.Domain.Models", "ClipMoney.Domain.Models\ClipMoney.Domain.Models.csproj", "{29AC4158-CE9D-4621-B6D1-3BD942595B24}"
EndProject
Project("{FAE04EC0-301F-11D3-BF4B-00C04F79EFBC}") = "ClipMoney.Domain.Repositories", "ClipMoney.Domain.Repositories\ClipMoney.Domain.Repositories.csproj", "{1267AB6E-093F-4689-BEE1-90D31E6F9982}"
EndProject
Project("{FAE04EC0-301F-11D3-BF4B-00C04F79EFBC}") = "ClipMoney.API", "ClipMoney.API\ClipMoney.API.csproj", "{00F2B232-26DB-4752-81C9-2038BB7B2BB0}"
EndProject
Global
	GlobalSection(SolutionConfigurationPlatforms) = preSolution
		Debug|Any CPU = Debug|Any CPU
		Release|Any CPU = Release|Any CPU
	EndGlobalSection
	GlobalSection(ProjectConfigurationPlatforms) = postSolution
		{81410643-87FC-4584-B695-A73A0371BC30}.Debug|Any CPU.ActiveCfg = Debug|Any CPU
		{81410643-87FC-4584-B695-A73A0371BC30}.Debug|Any CPU.Build.0 = Debug|Any CPU
		{81410643-87FC-4584-B695-A73A0371BC30}.Release|Any CPU.ActiveCfg = Release|Any CPU
		{81410643-87FC-4584-B695-A73A0371BC30}.Release|Any CPU.Build.0 = Release|Any CPU
		{29AC4158-CE9D-4621-B6D1-3BD942595B24}.Debug|Any CPU.ActiveCfg = Debug|Any CPU
		{29AC4158-CE9D-4621-B6D1-3BD942595B24}.Debug|Any CPU.Build.0 = Debug|Any CPU
		{29AC4158-CE9D-4621-B6D1-3BD942595B24}.Release|Any CPU.ActiveCfg = Release|Any CPU
		{29AC4158-CE9D-4621-B6D1-3BD942595B24}.Release|Any CPU.Build.0 = Release|Any CPU
		{1267AB6E-093F-4689-BEE1-90D31E6F9982}.Debug|Any CPU.ActiveCfg = Debug|Any CPU
		{1267AB6E-093F-4689-BEE1-90D31E6F9982}.Debug|Any CPU.Build.0 = Debug|Any CPU
		{1267AB6E-093F-4689-BEE1-90D31E6F9982}.Release|Any CPU.ActiveCfg = Release|Any CPU
		{1267AB6E-093F-4689-BEE1-90D31E6F9982}.Release|Any CPU.Build.0 = Release|Any CPU
		{00F2B232-26DB-4752-81C9-2038BB7B2BB0}.Debug|Any CPU.ActiveCfg = Debug|Any CPU
		{00F2B232-26DB-4752-81C9-2038BB7B2BB0}.Debug|Any CPU.Build.0 = Debug|Any CPU
		{00F2B232-26DB-4752-81C9-2038BB7B2BB0}.Release|Any CPU.ActiveCfg = Release|Any CPU
		{00F2B232-26DB-4752-81C9-2038BB7B2BB0}.Release|Any CPU.Build.0 = Release|Any CPU
	EndGlobalSection
	GlobalSection(SolutionProperties) = preSolution
		HideSolutionNode = FALSE
	EndGlobalSection
	GlobalSection(NestedProjects) = preSolution
		{FBC5535C-38CB-4292-8D86-51CFE1BF73C7} = {FF2779C0-64F0-48A0-813D-D7600497364D}
		{6089094C-2404-49B8-87AA-3BF566AB6C24} = {FF2779C0-64F0-48A0-813D-D7600497364D}
		{74E2AB84-83CE-4361-A062-A5CB1DE9FA19} = {FF2779C0-64F0-48A0-813D-D7600497364D}
		{81410643-87FC-4584-B695-A73A0371BC30} = {FBC5535C-38CB-4292-8D86-51CFE1BF73C7}
		{29AC4158-CE9D-4621-B6D1-3BD942595B24} = {6089094C-2404-49B8-87AA-3BF566AB6C24}
		{1267AB6E-093F-4689-BEE1-90D31E6F9982} = {6089094C-2404-49B8-87AA-3BF566AB6C24}
		{00F2B232-26DB-4752-81C9-2038BB7B2BB0} = {74E2AB84-83CE-4361-A062-A5CB1DE9FA19}
	EndGlobalSection
	GlobalSection(ExtensibilityGlobals) = postSolution
		SolutionGuid = {DDCA8FD4-D341-471D-A8E9-4C1A1348078B}
	EndGlobalSection
EndGlobal
